
Microsoft Visual Studio Solution File, Format Version 12.00
# Visual Studio Version 17
VisualStudioVersion = 17.11.35327.3
MinimumVisualStudioVersion = 10.0.40219.1
Project("{2150E333-8FDC-42A3-9474-1A3956D46DE8}") = "Ettad.Infrustructure", "Ettad.Infrustructure", "{3EB3EA2E-E015-47B0-B86F-95858893D33A}"
EndProject
Project("{2150E333-8FDC-42A3-9474-1A3956D46DE8}") = "Ettad.CrossCutting", "Ettad.CrossCutting", "{DA410D06-AD87-4F36-B3B9-496659030811}"
EndProject
Project("{2150E333-8FDC-42A3-9474-1A3956D46DE8}") = "Ettad.Host", "Ettad.Host", "{B3A154E6-B36D-44D8-AB7C-9CA155FFA156}"
EndProject
Project("{9A19103F-16F7-4668-BE54-9A1E7A4F7556}") = "Project.Api", "Project.Api\Project.Api.csproj", "{082E0F45-2A02-4A87-808D-89F010EDA25B}"
EndProject
Project("{2150E333-8FDC-42A3-9474-1A3956D46DE8}") = "Ettad.Module.User", "Ettad.Module.User", "{7EB7C356-E5C7-4056-AC53-BF93D64A21E2}"
EndProject
Project("{2150E333-8FDC-42A3-9474-1A3956D46DE8}") = "Ettad.Modules", "Ettad.Modules", "{724F3B7A-DA79-4588-9EA4-1BC8EE03ED54}"
EndProject
Project("{2150E333-8FDC-42A3-9474-1A3956D46DE8}") = "Ettad.Module.Lookup", "Ettad.Module.Lookup", "{AFF453E7-D1F0-4BC9-B9FA-DBA9F9B582A8}"
EndProject
Project("{FAE04EC0-301F-11D3-BF4B-00C04F79EFBC}") = "Ettad.User.Services", "Project.User.Services\Ettad.User.Services.csproj", "{1A442A26-B915-4F61-ACE6-B8676DDE7929}"
EndProject
Project("{2150E333-8FDC-42A3-9474-1A3956D46DE8}") = "Ettad.Domain", "Ettad.Domain", "{8342A25E-97C5-459F-A32E-FAB933634AF9}"
EndProject
Project("{FAE04EC0-301F-11D3-BF4B-00C04F79EFBC}") = "Ettad.Repository", "Project.Repository\Ettad.Repository.csproj", "{CB7E85A1-14B0-484A-93E8-29DC04A04B06}"
EndProject
Project("{FAE04EC0-301F-11D3-BF4B-00C04F79EFBC}") = "Ettad.EntityFramework", "Project.EntityFramework\Ettad.EntityFramework.csproj", "{EAD95C6A-4B38-4C4A-B65F-CD6E58F42735}"
EndProject
Project("{2150E333-8FDC-42A3-9474-1A3956D46DE8}") = "Ettad.Module.Workflows", "Ettad.Module.Workflows", "{02EA681E-C7D8-13C7-8484-4AC65E1B71E8}"
EndProject
Project("{FAE04EC0-301F-11D3-BF4B-00C04F79EFBC}") = "Ettad.Workflows.Service", "Ettad.Workflow.Service\Ettad.Workflows.Service.csproj", "{A5CB3596-A85E-4819-B0A6-0276C5120DF1}"
EndProject
Project("{FAE04EC0-301F-11D3-BF4B-00C04F79EFBC}") = "Ettad.Workflows.API", "Ettad.Workflows.API\Ettad.Workflows.API.csproj", "{9C16452E-93CF-426F-B9FF-834450552A10}"
EndProject
Project("{FAE04EC0-301F-11D3-BF4B-00C04F79EFBC}") = "Ettad.CrossCutting.Comman", "Project.Comman\Ettad.CrossCutting.Comman.csproj", "{95BA85AF-0112-4630-8D96-D589CFD1F04D}"
EndProject
Project("{FAE04EC0-301F-11D3-BF4B-00C04F79EFBC}") = "Ettad.CrossCutting.ResponseHandler", "Project.ResponseHandler\Ettad.CrossCutting.ResponseHandler.csproj", "{2E928292-CD20-438C-ABCE-8CC7A236A562}"
EndProject
Project("{FAE04EC0-301F-11D3-BF4B-00C04F79EFBC}") = "Ettad.Data", "Project.Data\Ettad.Data.csproj", "{454B233A-01E2-4A89-B2A8-3B4537929A24}"
EndProject
Project("{FAE04EC0-301F-11D3-BF4B-00C04F79EFBC}") = "Ettad.lookup.API", "Project.Logic.API\Ettad.lookup.API.csproj", "{B3992494-1DF6-4BC5-86B6-0D4D6BE99CC0}"
EndProject
Project("{FAE04EC0-301F-11D3-BF4B-00C04F79EFBC}") = "Ettad.User.API", "Project.Module.User\Ettad.User.API.csproj", "{854872CC-9C63-454D-86FC-50354C66D016}"
EndProject
Project("{FAE04EC0-301F-11D3-BF4B-00C04F79EFBC}") = "Ettad.Module.lookup", "Project.Module.Logic\Ettad.Module.lookup.csproj", "{9D1D577D-06ED-4B7A-A427-75F977796CDD}"
EndProject
Project("{2150E333-8FDC-42A3-9474-1A3956D46DE8}") = "Ettad.Modules.InventoryManagement", "Ettad.Modules.InventoryManagement", "{E65A21A3-9860-4D30-BFC3-F4A2D863C852}"
EndProject
Project("{FAE04EC0-301F-11D3-BF4B-00C04F79EFBC}") = "Ettad.Inventory.Service", "Ettad.Inventory.Services\Ettad.Inventory.Service.csproj", "{C4400980-E8FA-4508-AF55-555FABDDF982}"
EndProject
Project("{FAE04EC0-301F-11D3-BF4B-00C04F79EFBC}") = "Ettad.Inventory.API", "Ettad.Inventory.API\Ettad.Inventory.API.csproj", "{75A6B98E-A44F-49AE-986F-97B76B606E53}"
EndProject
Project("{2150E333-8FDC-42A3-9474-1A3956D46DE8}") = "Ettad.Modules.RequestManagement", "Ettad.Modules.RequestManagement", "{62028B3E-A57F-438A-82EC-1B1B2A110DF7}"
EndProject
Project("{FAE04EC0-301F-11D3-BF4B-00C04F79EFBC}") = "Ettad.RequestManagement.Service", "Ettad.RequestManagement.Service\Ettad.RequestManagement.Service.csproj", "{18289E1B-0AF1-48B3-8F2A-BF63BF72E6AD}"
EndProject
Project("{FAE04EC0-301F-11D3-BF4B-00C04F79EFBC}") = "Ettad.RequestManagement.API", "Ettad.RequestManagement.API\Ettad.RequestManagement.API.csproj", "{BE3A96B8-CEBC-4CDB-ABDD-8770FCD8EE17}"
EndProject
Project("{2150E333-8FDC-42A3-9474-1A3956D46DE8}") = "Ettad.Modules.NotificationSystem", "Ettad.Modules.NotificationSystem", "{FC965988-40C1-495A-A8D4-0ACF7CA26A8F}"
EndProject
Project("{FAE04EC0-301F-11D3-BF4B-00C04F79EFBC}") = "Ettad.Notification.Service", "Ettad.Notification.Service\Ettad.Notification.Service.csproj", "{04D77119-15C3-4A01-98EE-C6E790566490}"
EndProject
Project("{FAE04EC0-301F-11D3-BF4B-00C04F79EFBC}") = "Ettad.Notification.API", "Ettad.Notification.API\Ettad.Notification.API.csproj", "{72DE34C1-2DD3-42E4-927D-46BB350AD633}"
EndProject
Project("{FAE04EC0-301F-11D3-BF4B-00C04F79EFBC}") = "Ettad.Modules.EmailSystem.API", "Ettad.Modules.EmailSystem.API\Ettad.Modules.EmailSystem.API.csproj", "{8777E058-8D3A-422B-83FD-98DFF41B1B1E}"
EndProject
Project("{2150E333-8FDC-42A3-9474-1A3956D46DE8}") = "Ettad.Modules.LDAPSettings", "Ettad.Modules.LDAPSettings", "{1F51D699-2110-414A-8E69-433AFBE13C70}"
EndProject
Project("{FAE04EC0-301F-11D3-BF4B-00C04F79EFBC}") = "Ettad.LdapSettings.APIs", "Ettad.LdapSettings.APIs\Ettad.LdapSettings.APIs.csproj", "{87514D9A-EF4A-4498-9E43-568DC69A01BE}"
EndProject
Project("{FAE04EC0-301F-11D3-BF4B-00C04F79EFBC}") = "Ettad.LdapSettings.Services", "Ettad.LdapSettings.Services\Ettad.LdapSettings.Services.csproj", "{F6E2375E-888A-4584-A4BA-F2693EEBA077}"
EndProject
Global
	GlobalSection(SolutionConfigurationPlatforms) = preSolution
		Debug|Any CPU = Debug|Any CPU
		Debug|x64 = Debug|x64
		Debug|x86 = Debug|x86
		Release|Any CPU = Release|Any CPU
		Release|x64 = Release|x64
		Release|x86 = Release|x86
	EndGlobalSection
	GlobalSection(ProjectConfigurationPlatforms) = postSolution
		{082E0F45-2A02-4A87-808D-89F010EDA25B}.Debug|Any CPU.ActiveCfg = Debug|Any CPU
		{082E0F45-2A02-4A87-808D-89F010EDA25B}.Debug|Any CPU.Build.0 = Debug|Any CPU
		{082E0F45-2A02-4A87-808D-89F010EDA25B}.Debug|x64.ActiveCfg = Debug|Any CPU
		{082E0F45-2A02-4A87-808D-89F010EDA25B}.Debug|x64.Build.0 = Debug|Any CPU
		{082E0F45-2A02-4A87-808D-89F010EDA25B}.Debug|x86.ActiveCfg = Debug|Any CPU
		{082E0F45-2A02-4A87-808D-89F010EDA25B}.Debug|x86.Build.0 = Debug|Any CPU
		{082E0F45-2A02-4A87-808D-89F010EDA25B}.Release|Any CPU.ActiveCfg = Release|Any CPU
		{082E0F45-2A02-4A87-808D-89F010EDA25B}.Release|Any CPU.Build.0 = Release|Any CPU
		{082E0F45-2A02-4A87-808D-89F010EDA25B}.Release|x64.ActiveCfg = Release|Any CPU
		{082E0F45-2A02-4A87-808D-89F010EDA25B}.Release|x64.Build.0 = Release|Any CPU
		{082E0F45-2A02-4A87-808D-89F010EDA25B}.Release|x86.ActiveCfg = Release|Any CPU
		{082E0F45-2A02-4A87-808D-89F010EDA25B}.Release|x86.Build.0 = Release|Any CPU
		{1A442A26-B915-4F61-ACE6-B8676DDE7929}.Debug|Any CPU.ActiveCfg = Debug|Any CPU
		{1A442A26-B915-4F61-ACE6-B8676DDE7929}.Debug|Any CPU.Build.0 = Debug|Any CPU
		{1A442A26-B915-4F61-ACE6-B8676DDE7929}.Debug|x64.ActiveCfg = Debug|Any CPU
		{1A442A26-B915-4F61-ACE6-B8676DDE7929}.Debug|x64.Build.0 = Debug|Any CPU
		{1A442A26-B915-4F61-ACE6-B8676DDE7929}.Debug|x86.ActiveCfg = Debug|Any CPU
		{1A442A26-B915-4F61-ACE6-B8676DDE7929}.Debug|x86.Build.0 = Debug|Any CPU
		{1A442A26-B915-4F61-ACE6-B8676DDE7929}.Release|Any CPU.ActiveCfg = Release|Any CPU
		{1A442A26-B915-4F61-ACE6-B8676DDE7929}.Release|Any CPU.Build.0 = Release|Any CPU
		{1A442A26-B915-4F61-ACE6-B8676DDE7929}.Release|x64.ActiveCfg = Release|Any CPU
		{1A442A26-B915-4F61-ACE6-B8676DDE7929}.Release|x64.Build.0 = Release|Any CPU
		{1A442A26-B915-4F61-ACE6-B8676DDE7929}.Release|x86.ActiveCfg = Release|Any CPU
		{1A442A26-B915-4F61-ACE6-B8676DDE7929}.Release|x86.Build.0 = Release|Any CPU
		{CB7E85A1-14B0-484A-93E8-29DC04A04B06}.Debug|Any CPU.ActiveCfg = Debug|Any CPU
		{CB7E85A1-14B0-484A-93E8-29DC04A04B06}.Debug|Any CPU.Build.0 = Debug|Any CPU
		{CB7E85A1-14B0-484A-93E8-29DC04A04B06}.Debug|x64.ActiveCfg = Debug|Any CPU
		{CB7E85A1-14B0-484A-93E8-29DC04A04B06}.Debug|x64.Build.0 = Debug|Any CPU
		{CB7E85A1-14B0-484A-93E8-29DC04A04B06}.Debug|x86.ActiveCfg = Debug|Any CPU
		{CB7E85A1-14B0-484A-93E8-29DC04A04B06}.Debug|x86.Build.0 = Debug|Any CPU
		{CB7E85A1-14B0-484A-93E8-29DC04A04B06}.Release|Any CPU.ActiveCfg = Release|Any CPU
		{CB7E85A1-14B0-484A-93E8-29DC04A04B06}.Release|Any CPU.Build.0 = Release|Any CPU
		{CB7E85A1-14B0-484A-93E8-29DC04A04B06}.Release|x64.ActiveCfg = Release|Any CPU
		{CB7E85A1-14B0-484A-93E8-29DC04A04B06}.Release|x64.Build.0 = Release|Any CPU
		{CB7E85A1-14B0-484A-93E8-29DC04A04B06}.Release|x86.ActiveCfg = Release|Any CPU
		{CB7E85A1-14B0-484A-93E8-29DC04A04B06}.Release|x86.Build.0 = Release|Any CPU
		{EAD95C6A-4B38-4C4A-B65F-CD6E58F42735}.Debug|Any CPU.ActiveCfg = Debug|Any CPU
		{EAD95C6A-4B38-4C4A-B65F-CD6E58F42735}.Debug|Any CPU.Build.0 = Debug|Any CPU
		{EAD95C6A-4B38-4C4A-B65F-CD6E58F42735}.Debug|x64.ActiveCfg = Debug|Any CPU
		{EAD95C6A-4B38-4C4A-B65F-CD6E58F42735}.Debug|x64.Build.0 = Debug|Any CPU
		{EAD95C6A-4B38-4C4A-B65F-CD6E58F42735}.Debug|x86.ActiveCfg = Debug|Any CPU
		{EAD95C6A-4B38-4C4A-B65F-CD6E58F42735}.Debug|x86.Build.0 = Debug|Any CPU
		{EAD95C6A-4B38-4C4A-B65F-CD6E58F42735}.Release|Any CPU.ActiveCfg = Release|Any CPU
		{EAD95C6A-4B38-4C4A-B65F-CD6E58F42735}.Release|Any CPU.Build.0 = Release|Any CPU
		{EAD95C6A-4B38-4C4A-B65F-CD6E58F42735}.Release|x64.ActiveCfg = Release|Any CPU
		{EAD95C6A-4B38-4C4A-B65F-CD6E58F42735}.Release|x64.Build.0 = Release|Any CPU
		{EAD95C6A-4B38-4C4A-B65F-CD6E58F42735}.Release|x86.ActiveCfg = Release|Any CPU
		{EAD95C6A-4B38-4C4A-B65F-CD6E58F42735}.Release|x86.Build.0 = Release|Any CPU
		{A5CB3596-A85E-4819-B0A6-0276C5120DF1}.Debug|Any CPU.ActiveCfg = Debug|Any CPU
		{A5CB3596-A85E-4819-B0A6-0276C5120DF1}.Debug|Any CPU.Build.0 = Debug|Any CPU
		{A5CB3596-A85E-4819-B0A6-0276C5120DF1}.Debug|x64.ActiveCfg = Debug|Any CPU
		{A5CB3596-A85E-4819-B0A6-0276C5120DF1}.Debug|x64.Build.0 = Debug|Any CPU
		{A5CB3596-A85E-4819-B0A6-0276C5120DF1}.Debug|x86.ActiveCfg = Debug|Any CPU
		{A5CB3596-A85E-4819-B0A6-0276C5120DF1}.Debug|x86.Build.0 = Debug|Any CPU
		{A5CB3596-A85E-4819-B0A6-0276C5120DF1}.Release|Any CPU.ActiveCfg = Release|Any CPU
		{A5CB3596-A85E-4819-B0A6-0276C5120DF1}.Release|Any CPU.Build.0 = Release|Any CPU
		{A5CB3596-A85E-4819-B0A6-0276C5120DF1}.Release|x64.ActiveCfg = Release|Any CPU
		{A5CB3596-A85E-4819-B0A6-0276C5120DF1}.Release|x64.Build.0 = Release|Any CPU
		{A5CB3596-A85E-4819-B0A6-0276C5120DF1}.Release|x86.ActiveCfg = Release|Any CPU
		{A5CB3596-A85E-4819-B0A6-0276C5120DF1}.Release|x86.Build.0 = Release|Any CPU
		{9C16452E-93CF-426F-B9FF-834450552A10}.Debug|Any CPU.ActiveCfg = Debug|Any CPU
		{9C16452E-93CF-426F-B9FF-834450552A10}.Debug|Any CPU.Build.0 = Debug|Any CPU
		{9C16452E-93CF-426F-B9FF-834450552A10}.Debug|x64.ActiveCfg = Debug|Any CPU
		{9C16452E-93CF-426F-B9FF-834450552A10}.Debug|x64.Build.0 = Debug|Any CPU
		{9C16452E-93CF-426F-B9FF-834450552A10}.Debug|x86.ActiveCfg = Debug|Any CPU
		{9C16452E-93CF-426F-B9FF-834450552A10}.Debug|x86.Build.0 = Debug|Any CPU
		{9C16452E-93CF-426F-B9FF-834450552A10}.Release|Any CPU.ActiveCfg = Release|Any CPU
		{9C16452E-93CF-426F-B9FF-834450552A10}.Release|Any CPU.Build.0 = Release|Any CPU
		{9C16452E-93CF-426F-B9FF-834450552A10}.Release|x64.ActiveCfg = Release|Any CPU
		{9C16452E-93CF-426F-B9FF-834450552A10}.Release|x64.Build.0 = Release|Any CPU
		{9C16452E-93CF-426F-B9FF-834450552A10}.Release|x86.ActiveCfg = Release|Any CPU
		{9C16452E-93CF-426F-B9FF-834450552A10}.Release|x86.Build.0 = Release|Any CPU
		{95BA85AF-0112-4630-8D96-D589CFD1F04D}.Debug|Any CPU.ActiveCfg = Debug|Any CPU
		{95BA85AF-0112-4630-8D96-D589CFD1F04D}.Debug|Any CPU.Build.0 = Debug|Any CPU
		{95BA85AF-0112-4630-8D96-D589CFD1F04D}.Debug|x64.ActiveCfg = Debug|Any CPU
		{95BA85AF-0112-4630-8D96-D589CFD1F04D}.Debug|x64.Build.0 = Debug|Any CPU
		{95BA85AF-0112-4630-8D96-D589CFD1F04D}.Debug|x86.ActiveCfg = Debug|Any CPU
		{95BA85AF-0112-4630-8D96-D589CFD1F04D}.Debug|x86.Build.0 = Debug|Any CPU
		{95BA85AF-0112-4630-8D96-D589CFD1F04D}.Release|Any CPU.ActiveCfg = Release|Any CPU
		{95BA85AF-0112-4630-8D96-D589CFD1F04D}.Release|Any CPU.Build.0 = Release|Any CPU
		{95BA85AF-0112-4630-8D96-D589CFD1F04D}.Release|x64.ActiveCfg = Release|Any CPU
		{95BA85AF-0112-4630-8D96-D589CFD1F04D}.Release|x64.Build.0 = Release|Any CPU
		{95BA85AF-0112-4630-8D96-D589CFD1F04D}.Release|x86.ActiveCfg = Release|Any CPU
		{95BA85AF-0112-4630-8D96-D589CFD1F04D}.Release|x86.Build.0 = Release|Any CPU
		{2E928292-CD20-438C-ABCE-8CC7A236A562}.Debug|Any CPU.ActiveCfg = Debug|Any CPU
		{2E928292-CD20-438C-ABCE-8CC7A236A562}.Debug|Any CPU.Build.0 = Debug|Any CPU
		{2E928292-CD20-438C-ABCE-8CC7A236A562}.Debug|x64.ActiveCfg = Debug|Any CPU
		{2E928292-CD20-438C-ABCE-8CC7A236A562}.Debug|x64.Build.0 = Debug|Any CPU
		{2E928292-CD20-438C-ABCE-8CC7A236A562}.Debug|x86.ActiveCfg = Debug|Any CPU
		{2E928292-CD20-438C-ABCE-8CC7A236A562}.Debug|x86.Build.0 = Debug|Any CPU
		{2E928292-CD20-438C-ABCE-8CC7A236A562}.Release|Any CPU.ActiveCfg = Release|Any CPU
		{2E928292-CD20-438C-ABCE-8CC7A236A562}.Release|Any CPU.Build.0 = Release|Any CPU
		{2E928292-CD20-438C-ABCE-8CC7A236A562}.Release|x64.ActiveCfg = Release|Any CPU
		{2E928292-CD20-438C-ABCE-8CC7A236A562}.Release|x64.Build.0 = Release|Any CPU
		{2E928292-CD20-438C-ABCE-8CC7A236A562}.Release|x86.ActiveCfg = Release|Any CPU
		{2E928292-CD20-438C-ABCE-8CC7A236A562}.Release|x86.Build.0 = Release|Any CPU
		{454B233A-01E2-4A89-B2A8-3B4537929A24}.Debug|Any CPU.ActiveCfg = Debug|Any CPU
		{454B233A-01E2-4A89-B2A8-3B4537929A24}.Debug|Any CPU.Build.0 = Debug|Any CPU
		{454B233A-01E2-4A89-B2A8-3B4537929A24}.Debug|x64.ActiveCfg = Debug|Any CPU
		{454B233A-01E2-4A89-B2A8-3B4537929A24}.Debug|x64.Build.0 = Debug|Any CPU
		{454B233A-01E2-4A89-B2A8-3B4537929A24}.Debug|x86.ActiveCfg = Debug|Any CPU
		{454B233A-01E2-4A89-B2A8-3B4537929A24}.Debug|x86.Build.0 = Debug|Any CPU
		{454B233A-01E2-4A89-B2A8-3B4537929A24}.Release|Any CPU.ActiveCfg = Release|Any CPU
		{454B233A-01E2-4A89-B2A8-3B4537929A24}.Release|Any CPU.Build.0 = Release|Any CPU
		{454B233A-01E2-4A89-B2A8-3B4537929A24}.Release|x64.ActiveCfg = Release|Any CPU
		{454B233A-01E2-4A89-B2A8-3B4537929A24}.Release|x64.Build.0 = Release|Any CPU
		{454B233A-01E2-4A89-B2A8-3B4537929A24}.Release|x86.ActiveCfg = Release|Any CPU
		{454B233A-01E2-4A89-B2A8-3B4537929A24}.Release|x86.Build.0 = Release|Any CPU
		{B3992494-1DF6-4BC5-86B6-0D4D6BE99CC0}.Debug|Any CPU.ActiveCfg = Debug|Any CPU
		{B3992494-1DF6-4BC5-86B6-0D4D6BE99CC0}.Debug|Any CPU.Build.0 = Debug|Any CPU
		{B3992494-1DF6-4BC5-86B6-0D4D6BE99CC0}.Debug|x64.ActiveCfg = Debug|Any CPU
		{B3992494-1DF6-4BC5-86B6-0D4D6BE99CC0}.Debug|x64.Build.0 = Debug|Any CPU
		{B3992494-1DF6-4BC5-86B6-0D4D6BE99CC0}.Debug|x86.ActiveCfg = Debug|Any CPU
		{B3992494-1DF6-4BC5-86B6-0D4D6BE99CC0}.Debug|x86.Build.0 = Debug|Any CPU
		{B3992494-1DF6-4BC5-86B6-0D4D6BE99CC0}.Release|Any CPU.ActiveCfg = Release|Any CPU
		{B3992494-1DF6-4BC5-86B6-0D4D6BE99CC0}.Release|Any CPU.Build.0 = Release|Any CPU
		{B3992494-1DF6-4BC5-86B6-0D4D6BE99CC0}.Release|x64.ActiveCfg = Release|Any CPU
		{B3992494-1DF6-4BC5-86B6-0D4D6BE99CC0}.Release|x64.Build.0 = Release|Any CPU
		{B3992494-1DF6-4BC5-86B6-0D4D6BE99CC0}.Release|x86.ActiveCfg = Release|Any CPU
		{B3992494-1DF6-4BC5-86B6-0D4D6BE99CC0}.Release|x86.Build.0 = Release|Any CPU
		{854872CC-9C63-454D-86FC-50354C66D016}.Debug|Any CPU.ActiveCfg = Debug|Any CPU
		{854872CC-9C63-454D-86FC-50354C66D016}.Debug|Any CPU.Build.0 = Debug|Any CPU
		{854872CC-9C63-454D-86FC-50354C66D016}.Debug|x64.ActiveCfg = Debug|Any CPU
		{854872CC-9C63-454D-86FC-50354C66D016}.Debug|x64.Build.0 = Debug|Any CPU
		{854872CC-9C63-454D-86FC-50354C66D016}.Debug|x86.ActiveCfg = Debug|Any CPU
		{854872CC-9C63-454D-86FC-50354C66D016}.Debug|x86.Build.0 = Debug|Any CPU
		{854872CC-9C63-454D-86FC-50354C66D016}.Release|Any CPU.ActiveCfg = Release|Any CPU
		{854872CC-9C63-454D-86FC-50354C66D016}.Release|Any CPU.Build.0 = Release|Any CPU
		{854872CC-9C63-454D-86FC-50354C66D016}.Release|x64.ActiveCfg = Release|Any CPU
		{854872CC-9C63-454D-86FC-50354C66D016}.Release|x64.Build.0 = Release|Any CPU
		{854872CC-9C63-454D-86FC-50354C66D016}.Release|x86.ActiveCfg = Release|Any CPU
		{854872CC-9C63-454D-86FC-50354C66D016}.Release|x86.Build.0 = Release|Any CPU
		{9D1D577D-06ED-4B7A-A427-75F977796CDD}.Debug|Any CPU.ActiveCfg = Debug|Any CPU
		{9D1D577D-06ED-4B7A-A427-75F977796CDD}.Debug|Any CPU.Build.0 = Debug|Any CPU
		{9D1D577D-06ED-4B7A-A427-75F977796CDD}.Debug|x64.ActiveCfg = Debug|Any CPU
		{9D1D577D-06ED-4B7A-A427-75F977796CDD}.Debug|x64.Build.0 = Debug|Any CPU
		{9D1D577D-06ED-4B7A-A427-75F977796CDD}.Debug|x86.ActiveCfg = Debug|Any CPU
		{9D1D577D-06ED-4B7A-A427-75F977796CDD}.Debug|x86.Build.0 = Debug|Any CPU
		{9D1D577D-06ED-4B7A-A427-75F977796CDD}.Release|Any CPU.ActiveCfg = Release|Any CPU
		{9D1D577D-06ED-4B7A-A427-75F977796CDD}.Release|Any CPU.Build.0 = Release|Any CPU
		{9D1D577D-06ED-4B7A-A427-75F977796CDD}.Release|x64.ActiveCfg = Release|Any CPU
		{9D1D577D-06ED-4B7A-A427-75F977796CDD}.Release|x64.Build.0 = Release|Any CPU
		{9D1D577D-06ED-4B7A-A427-75F977796CDD}.Release|x86.ActiveCfg = Release|Any CPU
		{9D1D577D-06ED-4B7A-A427-75F977796CDD}.Release|x86.Build.0 = Release|Any CPU
		{C4400980-E8FA-4508-AF55-555FABDDF982}.Debug|Any CPU.ActiveCfg = Debug|Any CPU
		{C4400980-E8FA-4508-AF55-555FABDDF982}.Debug|Any CPU.Build.0 = Debug|Any CPU
		{C4400980-E8FA-4508-AF55-555FABDDF982}.Debug|x64.ActiveCfg = Debug|Any CPU
		{C4400980-E8FA-4508-AF55-555FABDDF982}.Debug|x64.Build.0 = Debug|Any CPU
		{C4400980-E8FA-4508-AF55-555FABDDF982}.Debug|x86.ActiveCfg = Debug|Any CPU
		{C4400980-E8FA-4508-AF55-555FABDDF982}.Debug|x86.Build.0 = Debug|Any CPU
		{C4400980-E8FA-4508-AF55-555FABDDF982}.Release|Any CPU.ActiveCfg = Release|Any CPU
		{C4400980-E8FA-4508-AF55-555FABDDF982}.Release|Any CPU.Build.0 = Release|Any CPU
		{C4400980-E8FA-4508-AF55-555FABDDF982}.Release|x64.ActiveCfg = Release|Any CPU
		{C4400980-E8FA-4508-AF55-555FABDDF982}.Release|x64.Build.0 = Release|Any CPU
		{C4400980-E8FA-4508-AF55-555FABDDF982}.Release|x86.ActiveCfg = Release|Any CPU
		{C4400980-E8FA-4508-AF55-555FABDDF982}.Release|x86.Build.0 = Release|Any CPU
		{75A6B98E-A44F-49AE-986F-97B76B606E53}.Debug|Any CPU.ActiveCfg = Debug|Any CPU
		{75A6B98E-A44F-49AE-986F-97B76B606E53}.Debug|Any CPU.Build.0 = Debug|Any CPU
		{75A6B98E-A44F-49AE-986F-97B76B606E53}.Debug|x64.ActiveCfg = Debug|Any CPU
		{75A6B98E-A44F-49AE-986F-97B76B606E53}.Debug|x64.Build.0 = Debug|Any CPU
		{75A6B98E-A44F-49AE-986F-97B76B606E53}.Debug|x86.ActiveCfg = Debug|Any CPU
		{75A6B98E-A44F-49AE-986F-97B76B606E53}.Debug|x86.Build.0 = Debug|Any CPU
		{75A6B98E-A44F-49AE-986F-97B76B606E53}.Release|Any CPU.ActiveCfg = Release|Any CPU
		{75A6B98E-A44F-49AE-986F-97B76B606E53}.Release|Any CPU.Build.0 = Release|Any CPU
		{75A6B98E-A44F-49AE-986F-97B76B606E53}.Release|x64.ActiveCfg = Release|Any CPU
		{75A6B98E-A44F-49AE-986F-97B76B606E53}.Release|x64.Build.0 = Release|Any CPU
		{75A6B98E-A44F-49AE-986F-97B76B606E53}.Release|x86.ActiveCfg = Release|Any CPU
		{75A6B98E-A44F-49AE-986F-97B76B606E53}.Release|x86.Build.0 = Release|Any CPU
		{18289E1B-0AF1-48B3-8F2A-BF63BF72E6AD}.Debug|Any CPU.ActiveCfg = Debug|Any CPU
		{18289E1B-0AF1-48B3-8F2A-BF63BF72E6AD}.Debug|Any CPU.Build.0 = Debug|Any CPU
		{18289E1B-0AF1-48B3-8F2A-BF63BF72E6AD}.Debug|x64.ActiveCfg = Debug|Any CPU
		{18289E1B-0AF1-48B3-8F2A-BF63BF72E6AD}.Debug|x64.Build.0 = Debug|Any CPU
		{18289E1B-0AF1-48B3-8F2A-BF63BF72E6AD}.Debug|x86.ActiveCfg = Debug|Any CPU
		{18289E1B-0AF1-48B3-8F2A-BF63BF72E6AD}.Debug|x86.Build.0 = Debug|Any CPU
		{18289E1B-0AF1-48B3-8F2A-BF63BF72E6AD}.Release|Any CPU.ActiveCfg = Release|Any CPU
		{18289E1B-0AF1-48B3-8F2A-BF63BF72E6AD}.Release|Any CPU.Build.0 = Release|Any CPU
		{18289E1B-0AF1-48B3-8F2A-BF63BF72E6AD}.Release|x64.ActiveCfg = Release|Any CPU
		{18289E1B-0AF1-48B3-8F2A-BF63BF72E6AD}.Release|x64.Build.0 = Release|Any CPU
		{18289E1B-0AF1-48B3-8F2A-BF63BF72E6AD}.Release|x86.ActiveCfg = Release|Any CPU
		{18289E1B-0AF1-48B3-8F2A-BF63BF72E6AD}.Release|x86.Build.0 = Release|Any CPU
		{BE3A96B8-CEBC-4CDB-ABDD-8770FCD8EE17}.Debug|Any CPU.ActiveCfg = Debug|Any CPU
		{BE3A96B8-CEBC-4CDB-ABDD-8770FCD8EE17}.Debug|Any CPU.Build.0 = Debug|Any CPU
		{BE3A96B8-CEBC-4CDB-ABDD-8770FCD8EE17}.Debug|x64.ActiveCfg = Debug|Any CPU
		{BE3A96B8-CEBC-4CDB-ABDD-8770FCD8EE17}.Debug|x64.Build.0 = Debug|Any CPU
		{BE3A96B8-CEBC-4CDB-ABDD-8770FCD8EE17}.Debug|x86.ActiveCfg = Debug|Any CPU
		{BE3A96B8-CEBC-4CDB-ABDD-8770FCD8EE17}.Debug|x86.Build.0 = Debug|Any CPU
		{BE3A96B8-CEBC-4CDB-ABDD-8770FCD8EE17}.Release|Any CPU.ActiveCfg = Release|Any CPU
		{BE3A96B8-CEBC-4CDB-ABDD-8770FCD8EE17}.Release|Any CPU.Build.0 = Release|Any CPU
		{BE3A96B8-CEBC-4CDB-ABDD-8770FCD8EE17}.Release|x64.ActiveCfg = Release|Any CPU
		{BE3A96B8-CEBC-4CDB-ABDD-8770FCD8EE17}.Release|x64.Build.0 = Release|Any CPU
		{BE3A96B8-CEBC-4CDB-ABDD-8770FCD8EE17}.Release|x86.ActiveCfg = Release|Any CPU
		{BE3A96B8-CEBC-4CDB-ABDD-8770FCD8EE17}.Release|x86.Build.0 = Release|Any CPU
		{04D77119-15C3-4A01-98EE-C6E790566490}.Debug|Any CPU.ActiveCfg = Debug|Any CPU
		{04D77119-15C3-4A01-98EE-C6E790566490}.Debug|Any CPU.Build.0 = Debug|Any CPU
		{04D77119-15C3-4A01-98EE-C6E790566490}.Debug|x64.ActiveCfg = Debug|Any CPU
		{04D77119-15C3-4A01-98EE-C6E790566490}.Debug|x64.Build.0 = Debug|Any CPU
		{04D77119-15C3-4A01-98EE-C6E790566490}.Debug|x86.ActiveCfg = Debug|Any CPU
		{04D77119-15C3-4A01-98EE-C6E790566490}.Debug|x86.Build.0 = Debug|Any CPU
		{04D77119-15C3-4A01-98EE-C6E790566490}.Release|Any CPU.ActiveCfg = Release|Any CPU
		{04D77119-15C3-4A01-98EE-C6E790566490}.Release|Any CPU.Build.0 = Release|Any CPU
		{04D77119-15C3-4A01-98EE-C6E790566490}.Release|x64.ActiveCfg = Release|Any CPU
		{04D77119-15C3-4A01-98EE-C6E790566490}.Release|x64.Build.0 = Release|Any CPU
		{04D77119-15C3-4A01-98EE-C6E790566490}.Release|x86.ActiveCfg = Release|Any CPU
		{04D77119-15C3-4A01-98EE-C6E790566490}.Release|x86.Build.0 = Release|Any CPU
		{72DE34C1-2DD3-42E4-927D-46BB350AD633}.Debug|Any CPU.ActiveCfg = Debug|Any CPU
		{72DE34C1-2DD3-42E4-927D-46BB350AD633}.Debug|Any CPU.Build.0 = Debug|Any CPU
		{72DE34C1-2DD3-42E4-927D-46BB350AD633}.Debug|x64.ActiveCfg = Debug|Any CPU
		{72DE34C1-2DD3-42E4-927D-46BB350AD633}.Debug|x64.Build.0 = Debug|Any CPU
		{72DE34C1-2DD3-42E4-927D-46BB350AD633}.Debug|x86.ActiveCfg = Debug|Any CPU
		{72DE34C1-2DD3-42E4-927D-46BB350AD633}.Debug|x86.Build.0 = Debug|Any CPU
		{72DE34C1-2DD3-42E4-927D-46BB350AD633}.Release|Any CPU.ActiveCfg = Release|Any CPU
		{72DE34C1-2DD3-42E4-927D-46BB350AD633}.Release|Any CPU.Build.0 = Release|Any CPU
		{72DE34C1-2DD3-42E4-927D-46BB350AD633}.Release|x64.ActiveCfg = Release|Any CPU
		{72DE34C1-2DD3-42E4-927D-46BB350AD633}.Release|x64.Build.0 = Release|Any CPU
		{72DE34C1-2DD3-42E4-927D-46BB350AD633}.Release|x86.ActiveCfg = Release|Any CPU
		{72DE34C1-2DD3-42E4-927D-46BB350AD633}.Release|x86.Build.0 = Release|Any CPU
		{8777E058-8D3A-422B-83FD-98DFF41B1B1E}.Debug|Any CPU.ActiveCfg = Debug|Any CPU
		{8777E058-8D3A-422B-83FD-98DFF41B1B1E}.Debug|Any CPU.Build.0 = Debug|Any CPU
		{8777E058-8D3A-422B-83FD-98DFF41B1B1E}.Debug|x64.ActiveCfg = Debug|Any CPU
		{8777E058-8D3A-422B-83FD-98DFF41B1B1E}.Debug|x64.Build.0 = Debug|Any CPU
		{8777E058-8D3A-422B-83FD-98DFF41B1B1E}.Debug|x86.ActiveCfg = Debug|Any CPU
		{8777E058-8D3A-422B-83FD-98DFF41B1B1E}.Debug|x86.Build.0 = Debug|Any CPU
		{8777E058-8D3A-422B-83FD-98DFF41B1B1E}.Release|Any CPU.ActiveCfg = Release|Any CPU
		{8777E058-8D3A-422B-83FD-98DFF41B1B1E}.Release|Any CPU.Build.0 = Release|Any CPU
		{8777E058-8D3A-422B-83FD-98DFF41B1B1E}.Release|x64.ActiveCfg = Release|Any CPU
		{8777E058-8D3A-422B-83FD-98DFF41B1B1E}.Release|x64.Build.0 = Release|Any CPU
		{8777E058-8D3A-422B-83FD-98DFF41B1B1E}.Release|x86.ActiveCfg = Release|Any CPU
		{8777E058-8D3A-422B-83FD-98DFF41B1B1E}.Release|x86.Build.0 = Release|Any CPU
		{87514D9A-EF4A-4498-9E43-568DC69A01BE}.Debug|Any CPU.ActiveCfg = Debug|Any CPU
		{87514D9A-EF4A-4498-9E43-568DC69A01BE}.Debug|Any CPU.Build.0 = Debug|Any CPU
		{87514D9A-EF4A-4498-9E43-568DC69A01BE}.Debug|x64.ActiveCfg = Debug|Any CPU
		{87514D9A-EF4A-4498-9E43-568DC69A01BE}.Debug|x64.Build.0 = Debug|Any CPU
		{87514D9A-EF4A-4498-9E43-568DC69A01BE}.Debug|x86.ActiveCfg = Debug|Any CPU
		{87514D9A-EF4A-4498-9E43-568DC69A01BE}.Debug|x86.Build.0 = Debug|Any CPU
		{87514D9A-EF4A-4498-9E43-568DC69A01BE}.Release|Any CPU.ActiveCfg = Release|Any CPU
		{87514D9A-EF4A-4498-9E43-568DC69A01BE}.Release|Any CPU.Build.0 = Release|Any CPU
		{87514D9A-EF4A-4498-9E43-568DC69A01BE}.Release|x64.ActiveCfg = Release|Any CPU
		{87514D9A-EF4A-4498-9E43-568DC69A01BE}.Release|x64.Build.0 = Release|Any CPU
		{87514D9A-EF4A-4498-9E43-568DC69A01BE}.Release|x86.ActiveCfg = Release|Any CPU
		{87514D9A-EF4A-4498-9E43-568DC69A01BE}.Release|x86.Build.0 = Release|Any CPU
		{F6E2375E-888A-4584-A4BA-F2693EEBA077}.Debug|Any CPU.ActiveCfg = Debug|Any CPU
		{F6E2375E-888A-4584-A4BA-F2693EEBA077}.Debug|Any CPU.Build.0 = Debug|Any CPU
		{F6E2375E-888A-4584-A4BA-F2693EEBA077}.Debug|x64.ActiveCfg = Debug|Any CPU
		{F6E2375E-888A-4584-A4BA-F2693EEBA077}.Debug|x64.Build.0 = Debug|Any CPU
		{F6E2375E-888A-4584-A4BA-F2693EEBA077}.Debug|x86.ActiveCfg = Debug|Any CPU
		{F6E2375E-888A-4584-A4BA-F2693EEBA077}.Debug|x86.Build.0 = Debug|Any CPU
		{F6E2375E-888A-4584-A4BA-F2693EEBA077}.Release|Any CPU.ActiveCfg = Release|Any CPU
		{F6E2375E-888A-4584-A4BA-F2693EEBA077}.Release|Any CPU.Build.0 = Release|Any CPU
		{F6E2375E-888A-4584-A4BA-F2693EEBA077}.Release|x64.ActiveCfg = Release|Any CPU
		{F6E2375E-888A-4584-A4BA-F2693EEBA077}.Release|x64.Build.0 = Release|Any CPU
		{F6E2375E-888A-4584-A4BA-F2693EEBA077}.Release|x86.ActiveCfg = Release|Any CPU
		{F6E2375E-888A-4584-A4BA-F2693EEBA077}.Release|x86.Build.0 = Release|Any CPU
	EndGlobalSection
	GlobalSection(SolutionProperties) = preSolution
		HideSolutionNode = FALSE
	EndGlobalSection
	GlobalSection(NestedProjects) = preSolution
		{082E0F45-2A02-4A87-808D-89F010EDA25B} = {B3A154E6-B36D-44D8-AB7C-9CA155FFA156}
		{7EB7C356-E5C7-4056-AC53-BF93D64A21E2} = {724F3B7A-DA79-4588-9EA4-1BC8EE03ED54}
		{AFF453E7-D1F0-4BC9-B9FA-DBA9F9B582A8} = {724F3B7A-DA79-4588-9EA4-1BC8EE03ED54}
		{1A442A26-B915-4F61-ACE6-B8676DDE7929} = {7EB7C356-E5C7-4056-AC53-BF93D64A21E2}
		{CB7E85A1-14B0-484A-93E8-29DC04A04B06} = {3EB3EA2E-E015-47B0-B86F-95858893D33A}
		{EAD95C6A-4B38-4C4A-B65F-CD6E58F42735} = {3EB3EA2E-E015-47B0-B86F-95858893D33A}
		{02EA681E-C7D8-13C7-8484-4AC65E1B71E8} = {724F3B7A-DA79-4588-9EA4-1BC8EE03ED54}
		{A5CB3596-A85E-4819-B0A6-0276C5120DF1} = {02EA681E-C7D8-13C7-8484-4AC65E1B71E8}
		{9C16452E-93CF-426F-B9FF-834450552A10} = {02EA681E-C7D8-13C7-8484-4AC65E1B71E8}
		{95BA85AF-0112-4630-8D96-D589CFD1F04D} = {DA410D06-AD87-4F36-B3B9-496659030811}
		{2E928292-CD20-438C-ABCE-8CC7A236A562} = {DA410D06-AD87-4F36-B3B9-496659030811}
		{454B233A-01E2-4A89-B2A8-3B4537929A24} = {8342A25E-97C5-459F-A32E-FAB933634AF9}
		{B3992494-1DF6-4BC5-86B6-0D4D6BE99CC0} = {AFF453E7-D1F0-4BC9-B9FA-DBA9F9B582A8}
		{854872CC-9C63-454D-86FC-50354C66D016} = {7EB7C356-E5C7-4056-AC53-BF93D64A21E2}
		{9D1D577D-06ED-4B7A-A427-75F977796CDD} = {AFF453E7-D1F0-4BC9-B9FA-DBA9F9B582A8}
		{E65A21A3-9860-4D30-BFC3-F4A2D863C852} = {724F3B7A-DA79-4588-9EA4-1BC8EE03ED54}
		{C4400980-E8FA-4508-AF55-555FABDDF982} = {E65A21A3-9860-4D30-BFC3-F4A2D863C852}
		{75A6B98E-A44F-49AE-986F-97B76B606E53} = {E65A21A3-9860-4D30-BFC3-F4A2D863C852}
		{62028B3E-A57F-438A-82EC-1B1B2A110DF7} = {724F3B7A-DA79-4588-9EA4-1BC8EE03ED54}
		{18289E1B-0AF1-48B3-8F2A-BF63BF72E6AD} = {62028B3E-A57F-438A-82EC-1B1B2A110DF7}
		{BE3A96B8-CEBC-4CDB-ABDD-8770FCD8EE17} = {62028B3E-A57F-438A-82EC-1B1B2A110DF7}
		{FC965988-40C1-495A-A8D4-0ACF7CA26A8F} = {724F3B7A-DA79-4588-9EA4-1BC8EE03ED54}
		{04D77119-15C3-4A01-98EE-C6E790566490} = {FC965988-40C1-495A-A8D4-0ACF7CA26A8F}
		{72DE34C1-2DD3-42E4-927D-46BB350AD633} = {FC965988-40C1-495A-A8D4-0ACF7CA26A8F}
		{8777E058-8D3A-422B-83FD-98DFF41B1B1E} = {724F3B7A-DA79-4588-9EA4-1BC8EE03ED54}
		{1F51D699-2110-414A-8E69-433AFBE13C70} = {724F3B7A-DA79-4588-9EA4-1BC8EE03ED54}
		{87514D9A-EF4A-4498-9E43-568DC69A01BE} = {1F51D699-2110-414A-8E69-433AFBE13C70}
		{F6E2375E-888A-4584-A4BA-F2693EEBA077} = {1F51D699-2110-414A-8E69-433AFBE13C70}
	EndGlobalSection
	GlobalSection(ExtensibilityGlobals) = postSolution
		SolutionGuid = {ECC5B3B4-1215-4670-A666-332AAF335B64}
	EndGlobalSection
EndGlobal
